
Microsoft Visual Studio Solution File, Format Version 12.00
# Visual Studio 15
VisualStudioVersion = 15.0.28307.572
MinimumVisualStudioVersion = 10.0.40219.1
Project("{FAE04EC0-301F-11D3-BF4B-00C04F79EFBC}") = "Planetario.Android", "Planetario\Planetario.Android\Planetario.Android.csproj", "{D66CCB3F-A78F-4EB2-B424-DC960430F481}"
EndProject
Project("{FAE04EC0-301F-11D3-BF4B-00C04F79EFBC}") = "Planetario.iOS", "Planetario\Planetario.iOS\Planetario.iOS.csproj", "{A20FB2A1-6375-46AE-B4DD-81EAA0E4D6F7}"
EndProject
Project("{FAE04EC0-301F-11D3-BF4B-00C04F79EFBC}") = "Planetario", "Planetario\Planetario\Planetario.csproj", "{5ABC74DA-DA52-43A0-91EC-0AEF30445C44}"
EndProject
Global
	GlobalSection(SolutionConfigurationPlatforms) = preSolution
		Ad-Hoc|Any CPU = Ad-Hoc|Any CPU
		Ad-Hoc|iPhone = Ad-Hoc|iPhone
		Ad-Hoc|iPhoneSimulator = Ad-Hoc|iPhoneSimulator
		AppStore|Any CPU = AppStore|Any CPU
		AppStore|iPhone = AppStore|iPhone
		AppStore|iPhoneSimulator = AppStore|iPhoneSimulator
		Debug|Any CPU = Debug|Any CPU
		Debug|iPhone = Debug|iPhone
		Debug|iPhoneSimulator = Debug|iPhoneSimulator
		Release|Any CPU = Release|Any CPU
		Release|iPhone = Release|iPhone
		Release|iPhoneSimulator = Release|iPhoneSimulator
	EndGlobalSection
	GlobalSection(ProjectConfigurationPlatforms) = postSolution
		{D66CCB3F-A78F-4EB2-B424-DC960430F481}.Ad-Hoc|Any CPU.ActiveCfg = Release|Any CPU
		{D66CCB3F-A78F-4EB2-B424-DC960430F481}.Ad-Hoc|Any CPU.Build.0 = Release|Any CPU
		{D66CCB3F-A78F-4EB2-B424-DC960430F481}.Ad-Hoc|Any CPU.Deploy.0 = Release|Any CPU
		{D66CCB3F-A78F-4EB2-B424-DC960430F481}.Ad-Hoc|iPhone.ActiveCfg = Release|Any CPU
		{D66CCB3F-A78F-4EB2-B424-DC960430F481}.Ad-Hoc|iPhone.Build.0 = Release|Any CPU
		{D66CCB3F-A78F-4EB2-B424-DC960430F481}.Ad-Hoc|iPhone.Deploy.0 = Release|Any CPU
		{D66CCB3F-A78F-4EB2-B424-DC960430F481}.Ad-Hoc|iPhoneSimulator.ActiveCfg = Release|Any CPU
		{D66CCB3F-A78F-4EB2-B424-DC960430F481}.Ad-Hoc|iPhoneSimulator.Build.0 = Release|Any CPU
		{D66CCB3F-A78F-4EB2-B424-DC960430F481}.Ad-Hoc|iPhoneSimulator.Deploy.0 = Release|Any CPU
		{D66CCB3F-A78F-4EB2-B424-DC960430F481}.AppStore|Any CPU.ActiveCfg = Release|Any CPU
		{D66CCB3F-A78F-4EB2-B424-DC960430F481}.AppStore|Any CPU.Build.0 = Release|Any CPU
		{D66CCB3F-A78F-4EB2-B424-DC960430F481}.AppStore|Any CPU.Deploy.0 = Release|Any CPU
		{D66CCB3F-A78F-4EB2-B424-DC960430F481}.AppStore|iPhone.ActiveCfg = Release|Any CPU
		{D66CCB3F-A78F-4EB2-B424-DC960430F481}.AppStore|iPhone.Build.0 = Release|Any CPU
		{D66CCB3F-A78F-4EB2-B424-DC960430F481}.AppStore|iPhone.Deploy.0 = Release|Any CPU
		{D66CCB3F-A78F-4EB2-B424-DC960430F481}.AppStore|iPhoneSimulator.ActiveCfg = Release|Any CPU
		{D66CCB3F-A78F-4EB2-B424-DC960430F481}.AppStore|iPhoneSimulator.Build.0 = Release|Any CPU
		{D66CCB3F-A78F-4EB2-B424-DC960430F481}.AppStore|iPhoneSimulator.Deploy.0 = Release|Any CPU
		{D66CCB3F-A78F-4EB2-B424-DC960430F481}.Debug|Any CPU.ActiveCfg = Debug|Any CPU
		{D66CCB3F-A78F-4EB2-B424-DC960430F481}.Debug|Any CPU.Build.0 = Debug|Any CPU
		{D66CCB3F-A78F-4EB2-B424-DC960430F481}.Debug|Any CPU.Deploy.0 = Debug|Any CPU
		{D66CCB3F-A78F-4EB2-B424-DC960430F481}.Debug|iPhone.ActiveCfg = Debug|Any CPU
		{D66CCB3F-A78F-4EB2-B424-DC960430F481}.Debug|iPhone.Build.0 = Debug|Any CPU
		{D66CCB3F-A78F-4EB2-B424-DC960430F481}.Debug|iPhone.Deploy.0 = Debug|Any CPU
		{D66CCB3F-A78F-4EB2-B424-DC960430F481}.Debug|iPhoneSimulator.ActiveCfg = Debug|Any CPU
		{D66CCB3F-A78F-4EB2-B424-DC960430F481}.Debug|iPhoneSimulator.Build.0 = Debug|Any CPU
		{D66CCB3F-A78F-4EB2-B424-DC960430F481}.Debug|iPhoneSimulator.Deploy.0 = Debug|Any CPU
		{D66CCB3F-A78F-4EB2-B424-DC960430F481}.Release|Any CPU.ActiveCfg = Release|Any CPU
		{D66CCB3F-A78F-4EB2-B424-DC960430F481}.Release|Any CPU.Build.0 = Release|Any CPU
		{D66CCB3F-A78F-4EB2-B424-DC960430F481}.Release|Any CPU.Deploy.0 = Release|Any CPU
		{D66CCB3F-A78F-4EB2-B424-DC960430F481}.Release|iPhone.ActiveCfg = Release|Any CPU
		{D66CCB3F-A78F-4EB2-B424-DC960430F481}.Release|iPhone.Build.0 = Release|Any CPU
		{D66CCB3F-A78F-4EB2-B424-DC960430F481}.Release|iPhone.Deploy.0 = Release|Any CPU
		{D66CCB3F-A78F-4EB2-B424-DC960430F481}.Release|iPhoneSimulator.ActiveCfg = Release|Any CPU
		{D66CCB3F-A78F-4EB2-B424-DC960430F481}.Release|iPhoneSimulator.Build.0 = Release|Any CPU
		{D66CCB3F-A78F-4EB2-B424-DC960430F481}.Release|iPhoneSimulator.Deploy.0 = Release|Any CPU
		{A20FB2A1-6375-46AE-B4DD-81EAA0E4D6F7}.Ad-Hoc|Any CPU.ActiveCfg = Ad-Hoc|iPhone
		{A20FB2A1-6375-46AE-B4DD-81EAA0E4D6F7}.Ad-Hoc|Any CPU.Build.0 = Ad-Hoc|iPhone
		{A20FB2A1-6375-46AE-B4DD-81EAA0E4D6F7}.Ad-Hoc|Any CPU.Deploy.0 = Ad-Hoc|iPhone
		{A20FB2A1-6375-46AE-B4DD-81EAA0E4D6F7}.Ad-Hoc|iPhone.ActiveCfg = Ad-Hoc|iPhone
		{A20FB2A1-6375-46AE-B4DD-81EAA0E4D6F7}.Ad-Hoc|iPhone.Build.0 = Ad-Hoc|iPhone
		{A20FB2A1-6375-46AE-B4DD-81EAA0E4D6F7}.Ad-Hoc|iPhone.Deploy.0 = Ad-Hoc|iPhone
		{A20FB2A1-6375-46AE-B4DD-81EAA0E4D6F7}.Ad-Hoc|iPhoneSimulator.ActiveCfg = Ad-Hoc|iPhoneSimulator
		{A20FB2A1-6375-46AE-B4DD-81EAA0E4D6F7}.Ad-Hoc|iPhoneSimulator.Build.0 = Ad-Hoc|iPhoneSimulator
		{A20FB2A1-6375-46AE-B4DD-81EAA0E4D6F7}.Ad-Hoc|iPhoneSimulator.Deploy.0 = Ad-Hoc|iPhoneSimulator
		{A20FB2A1-6375-46AE-B4DD-81EAA0E4D6F7}.AppStore|Any CPU.ActiveCfg = AppStore|iPhone
		{A20FB2A1-6375-46AE-B4DD-81EAA0E4D6F7}.AppStore|Any CPU.Build.0 = AppStore|iPhone
		{A20FB2A1-6375-46AE-B4DD-81EAA0E4D6F7}.AppStore|Any CPU.Deploy.0 = AppStore|iPhone
		{A20FB2A1-6375-46AE-B4DD-81EAA0E4D6F7}.AppStore|iPhone.ActiveCfg = AppStore|iPhone
		{A20FB2A1-6375-46AE-B4DD-81EAA0E4D6F7}.AppStore|iPhone.Build.0 = AppStore|iPhone
		{A20FB2A1-6375-46AE-B4DD-81EAA0E4D6F7}.AppStore|iPhone.Deploy.0 = AppStore|iPhone
		{A20FB2A1-6375-46AE-B4DD-81EAA0E4D6F7}.AppStore|iPhoneSimulator.ActiveCfg = AppStore|iPhoneSimulator
		{A20FB2A1-6375-46AE-B4DD-81EAA0E4D6F7}.AppStore|iPhoneSimulator.Build.0 = AppStore|iPhoneSimulator
		{A20FB2A1-6375-46AE-B4DD-81EAA0E4D6F7}.AppStore|iPhoneSimulator.Deploy.0 = AppStore|iPhoneSimulator
		{A20FB2A1-6375-46AE-B4DD-81EAA0E4D6F7}.Debug|Any CPU.ActiveCfg = Debug|iPhoneSimulator
		{A20FB2A1-6375-46AE-B4DD-81EAA0E4D6F7}.Debug|Any CPU.Build.0 = Debug|iPhoneSimulator
		{A20FB2A1-6375-46AE-B4DD-81EAA0E4D6F7}.Debug|Any CPU.Deploy.0 = Debug|iPhoneSimulator
		{A20FB2A1-6375-46AE-B4DD-81EAA0E4D6F7}.Debug|iPhone.ActiveCfg = Debug|iPhone
		{A20FB2A1-6375-46AE-B4DD-81EAA0E4D6F7}.Debug|iPhone.Build.0 = Debug|iPhone
		{A20FB2A1-6375-46AE-B4DD-81EAA0E4D6F7}.Debug|iPhone.Deploy.0 = Debug|iPhone
		{A20FB2A1-6375-46AE-B4DD-81EAA0E4D6F7}.Debug|iPhoneSimulator.ActiveCfg = Debug|iPhoneSimulator
		{A20FB2A1-6375-46AE-B4DD-81EAA0E4D6F7}.Debug|iPhoneSimulator.Build.0 = Debug|iPhoneSimulator
		{A20FB2A1-6375-46AE-B4DD-81EAA0E4D6F7}.Debug|iPhoneSimulator.Deploy.0 = Debug|iPhoneSimulator
		{A20FB2A1-6375-46AE-B4DD-81EAA0E4D6F7}.Release|Any CPU.ActiveCfg = Release|iPhone
		{A20FB2A1-6375-46AE-B4DD-81EAA0E4D6F7}.Release|Any CPU.Build.0 = Release|iPhone
		{A20FB2A1-6375-46AE-B4DD-81EAA0E4D6F7}.Release|Any CPU.Deploy.0 = Release|iPhone
		{A20FB2A1-6375-46AE-B4DD-81EAA0E4D6F7}.Release|iPhone.ActiveCfg = Release|iPhone
		{A20FB2A1-6375-46AE-B4DD-81EAA0E4D6F7}.Release|iPhone.Build.0 = Release|iPhone
		{A20FB2A1-6375-46AE-B4DD-81EAA0E4D6F7}.Release|iPhone.Deploy.0 = Release|iPhone
		{A20FB2A1-6375-46AE-B4DD-81EAA0E4D6F7}.Release|iPhoneSimulator.ActiveCfg = Release|iPhoneSimulator
		{A20FB2A1-6375-46AE-B4DD-81EAA0E4D6F7}.Release|iPhoneSimulator.Build.0 = Release|iPhoneSimulator
		{A20FB2A1-6375-46AE-B4DD-81EAA0E4D6F7}.Release|iPhoneSimulator.Deploy.0 = Release|iPhoneSimulator
		{5ABC74DA-DA52-43A0-91EC-0AEF30445C44}.Ad-Hoc|Any CPU.ActiveCfg = Debug|Any CPU
		{5ABC74DA-DA52-43A0-91EC-0AEF30445C44}.Ad-Hoc|Any CPU.Build.0 = Debug|Any CPU
		{5ABC74DA-DA52-43A0-91EC-0AEF30445C44}.Ad-Hoc|Any CPU.Deploy.0 = Debug|Any CPU
		{5ABC74DA-DA52-43A0-91EC-0AEF30445C44}.Ad-Hoc|iPhone.ActiveCfg = Debug|Any CPU
		{5ABC74DA-DA52-43A0-91EC-0AEF30445C44}.Ad-Hoc|iPhone.Build.0 = Debug|Any CPU
		{5ABC74DA-DA52-43A0-91EC-0AEF30445C44}.Ad-Hoc|iPhone.Deploy.0 = Debug|Any CPU
		{5ABC74DA-DA52-43A0-91EC-0AEF30445C44}.Ad-Hoc|iPhoneSimulator.ActiveCfg = Debug|Any CPU
		{5ABC74DA-DA52-43A0-91EC-0AEF30445C44}.Ad-Hoc|iPhoneSimulator.Build.0 = Debug|Any CPU
		{5ABC74DA-DA52-43A0-91EC-0AEF30445C44}.Ad-Hoc|iPhoneSimulator.Deploy.0 = Debug|Any CPU
		{5ABC74DA-DA52-43A0-91EC-0AEF30445C44}.AppStore|Any CPU.ActiveCfg = Debug|Any CPU
		{5ABC74DA-DA52-43A0-91EC-0AEF30445C44}.AppStore|Any CPU.Build.0 = Debug|Any CPU
		{5ABC74DA-DA52-43A0-91EC-0AEF30445C44}.AppStore|Any CPU.Deploy.0 = Debug|Any CPU
		{5ABC74DA-DA52-43A0-91EC-0AEF30445C44}.AppStore|iPhone.ActiveCfg = Debug|Any CPU
		{5ABC74DA-DA52-43A0-91EC-0AEF30445C44}.AppStore|iPhone.Build.0 = Debug|Any CPU
		{5ABC74DA-DA52-43A0-91EC-0AEF30445C44}.AppStore|iPhone.Deploy.0 = Debug|Any CPU
		{5ABC74DA-DA52-43A0-91EC-0AEF30445C44}.AppStore|iPhoneSimulator.ActiveCfg = Debug|Any CPU
		{5ABC74DA-DA52-43A0-91EC-0AEF30445C44}.AppStore|iPhoneSimulator.Build.0 = Debug|Any CPU
		{5ABC74DA-DA52-43A0-91EC-0AEF30445C44}.AppStore|iPhoneSimulator.Deploy.0 = Debug|Any CPU
		{5ABC74DA-DA52-43A0-91EC-0AEF30445C44}.Debug|Any CPU.ActiveCfg = Debug|Any CPU
		{5ABC74DA-DA52-43A0-91EC-0AEF30445C44}.Debug|Any CPU.Build.0 = Debug|Any CPU
		{5ABC74DA-DA52-43A0-91EC-0AEF30445C44}.Debug|Any CPU.Deploy.0 = Debug|Any CPU
		{5ABC74DA-DA52-43A0-91EC-0AEF30445C44}.Debug|iPhone.ActiveCfg = Debug|Any CPU
		{5ABC74DA-DA52-43A0-91EC-0AEF30445C44}.Debug|iPhone.Build.0 = Debug|Any CPU
		{5ABC74DA-DA52-43A0-91EC-0AEF30445C44}.Debug|iPhone.Deploy.0 = Debug|Any CPU
		{5ABC74DA-DA52-43A0-91EC-0AEF30445C44}.Debug|iPhoneSimulator.ActiveCfg = Debug|Any CPU
		{5ABC74DA-DA52-43A0-91EC-0AEF30445C44}.Debug|iPhoneSimulator.Build.0 = Debug|Any CPU
		{5ABC74DA-DA52-43A0-91EC-0AEF30445C44}.Debug|iPhoneSimulator.Deploy.0 = Debug|Any CPU
		{5ABC74DA-DA52-43A0-91EC-0AEF30445C44}.Release|Any CPU.ActiveCfg = Release|Any CPU
		{5ABC74DA-DA52-43A0-91EC-0AEF30445C44}.Release|Any CPU.Build.0 = Release|Any CPU
		{5ABC74DA-DA52-43A0-91EC-0AEF30445C44}.Release|Any CPU.Deploy.0 = Release|Any CPU
		{5ABC74DA-DA52-43A0-91EC-0AEF30445C44}.Release|iPhone.ActiveCfg = Release|Any CPU
		{5ABC74DA-DA52-43A0-91EC-0AEF30445C44}.Release|iPhone.Build.0 = Release|Any CPU
		{5ABC74DA-DA52-43A0-91EC-0AEF30445C44}.Release|iPhone.Deploy.0 = Release|Any CPU
		{5ABC74DA-DA52-43A0-91EC-0AEF30445C44}.Release|iPhoneSimulator.ActiveCfg = Release|Any CPU
		{5ABC74DA-DA52-43A0-91EC-0AEF30445C44}.Release|iPhoneSimulator.Build.0 = Release|Any CPU
		{5ABC74DA-DA52-43A0-91EC-0AEF30445C44}.Release|iPhoneSimulator.Deploy.0 = Release|Any CPU
	EndGlobalSection
	GlobalSection(SolutionProperties) = preSolution
		HideSolutionNode = FALSE
	EndGlobalSection
	GlobalSection(ExtensibilityGlobals) = postSolution
		SolutionGuid = {A165C4D6-1766-4E98-AE33-51CDDCA3B577}
	EndGlobalSection
EndGlobal
